<?xml version="1.0" encoding="utf-8"?>
<Project ToolsVersion="4.0" xmlns="http://schemas.microsoft.com/developer/msbuild/2003">
  <ItemGroup>
    <Filter Include="Source Files">
      <UniqueIdentifier>{4FC737F1-C7A5-4376-A066-2A32D752A2FF}</UniqueIdentifier>
      <Extensions>cpp;c;cc;cxx;def;odl;idl;hpj;bat;asm;asmx</Extensions>
    </Filter>
    <Filter Include="Header Files">
      <UniqueIdentifier>{93995380-89BD-4b04-88EB-625FBE52EBFB}</UniqueIdentifier>
      <Extensions>h;hh;hpp;hxx;hm;inl;inc;xsd</Extensions>
    </Filter>
    <Filter Include="Resource Files">
      <UniqueIdentifier>{67DA6AB6-F800-4c08-8B7A-83BB121AAD01}</UniqueIdentifier>
      <Extensions>rc;ico;cur;bmp;dlg;rc2;rct;bin;rgs;gif;jpg;jpeg;jpe;resx;tiff;tif;png;wav;mfcribbon-ms</Extensions>
    </Filter>
    <Filter Include="Header Files\classProto">
      <UniqueIdentifier>{289db938-095a-4ed7-aebc-88e1c5ffa326}</UniqueIdentifier>
    </Filter>
    <Filter Include="Source Files\classDef">
      <UniqueIdentifier>{26cf38a5-c9a5-458a-bbda-d30915cd33e0}</UniqueIdentifier>
    </Filter>
    <Filter Include="Source Files\classDef\ShipsDef">
      <UniqueIdentifier>{7a0ee948-5bc8-4a4e-8e81-229fc7420bb0}</UniqueIdentifier>
    </Filter>
    <Filter Include="Header Files\classProto\ShipsProto">
      <UniqueIdentifier>{90f2b1bb-a9cc-4fa2-89cc-d42ac67cd079}</UniqueIdentifier>
    </Filter>
    <Filter Include="Source Files\Default">
      <UniqueIdentifier>{88c70760-8745-424f-b2d7-aa9dc0b9b005}</UniqueIdentifier>
    </Filter>
    <Filter Include="Header Files\Default">
      <UniqueIdentifier>{fa2acda3-bfef-403d-848d-a73ba4be6827}</UniqueIdentifier>
    </Filter>
    <Filter Include="Resource Files\img">
      <UniqueIdentifier>{eb671b9d-bb79-4bd6-b97b-6e5fe6257f35}</UniqueIdentifier>
    </Filter>
  </ItemGroup>
  <ItemGroup>
    <ClInclude Include="core.h">
      <Filter>Header Files</Filter>
    </ClInclude>
    <ClInclude Include="Ship.h">
      <Filter>Header Files\classProto\ShipsProto</Filter>
    </ClInclude>
    <ClInclude Include="PlayerShip.h">
      <Filter>Header Files\classProto\ShipsProto</Filter>
    </ClInclude>
    <ClInclude Include="LWindow.h">
      <Filter>Header Files\Default</Filter>
    </ClInclude>
    <ClInclude Include="LTexture.h">
      <Filter>Header Files\Default</Filter>
    </ClInclude>
    <ClInclude Include="GruntShip.h">
      <Filter>Header Files\classProto\ShipsProto</Filter>
    </ClInclude>
  </ItemGroup>
  <ItemGroup>
    <ClCompile Include="coreDef.cpp">
      <Filter>Source Files</Filter>
    </ClCompile>
    <ClCompile Include="main.cpp">
      <Filter>Source Files</Filter>
    </ClCompile>
    <ClCompile Include="Ship.cpp">
      <Filter>Source Files\classDef\ShipsDef</Filter>
    </ClCompile>
    <ClCompile Include="PlayerShip.cpp">
      <Filter>Source Files\classDef\ShipsDef</Filter>
    </ClCompile>
    <ClCompile Include="LWindow.cpp">
      <Filter>Source Files\Default</Filter>
    </ClCompile>
    <ClCompile Include="LTexture.cpp">
      <Filter>Source Files\Default</Filter>
    </ClCompile>
    <ClCompile Include="GruntShip.cpp">
      <Filter>Source Files\classDef\ShipsDef</Filter>
    </ClCompile>
  </ItemGroup>
  <ItemGroup>
    <Image Include="img\player_ship.png">
      <Filter>Resource Files\img</Filter>
    </Image>
  </ItemGroup>
</Project>